Microsoft Visual Studio Solution File, Format Version 12.00
# Visual Studio Version 17
VisualStudioVersion = 17.5.2.0
MinimumVisualStudioVersion = 10.0.40219.1
Project("{FAE04EC0-301F-11D3-BF4B-00C04F79EFBC}") = "ToxicFitnessAPI", "ToxicFitnessAPI.csproj", "{98C371A8-4BA9-7396-18C8-6F3322465FBE}"
EndProject
Global
	GlobalSection(SolutionConfigurationPlatforms) = preSolution
		Debug|Any CPU = Debug|Any CPU
		Release|Any CPU = Release|Any CPU
	EndGlobalSection
	GlobalSection(ProjectConfigurationPlatforms) = postSolution
		{98C371A8-4BA9-7396-18C8-6F3322465FBE}.Debug|Any CPU.ActiveCfg = Debug|Any CPU
		{98C371A8-4BA9-7396-18C8-6F3322465FBE}.Debug|Any CPU.Build.0 = Debug|Any CPU
		{98C371A8-4BA9-7396-18C8-6F3322465FBE}.Release|Any CPU.ActiveCfg = Release|Any CPU
		{98C371A8-4BA9-7396-18C8-6F3322465FBE}.Release|Any CPU.Build.0 = Release|Any CPU
	EndGlobalSection
	GlobalSection(SolutionProperties) = preSolution
		HideSolutionNode = FALSE
	EndGlobalSection
	GlobalSection(ExtensibilityGlobals) = postSolution
		SolutionGuid = {68C77356-0EB2-4DA1-A29A-7B2434438925}
	EndGlobalSection
EndGlobal
